{
    "name": "teapackage-richardnegroj7",
    "version": "1.0.0",
    "lockfileVersion": 3,
    "requires": true,
    "packages": {
        "": {
            "name": "teapackage-richardnegroj7",
            "version": "1.0.0",
            "license": "ISC",
            "dependencies": {
                "teapackage-abbasinisar831": "^1.0.0",
                "teapackage-azzoparditohill203": "^1.0.0",
                "teapackage-bartskilgo422": "^1.0.1",
                "teapackage-bumpskeitha150": "^1.0.0",
                "teapackage-carlavergara643": "^1.0.0",
                "teapackage-dobintuenge844": "^1.0.0",
                "teapackage-erbjamal370": "^1.0.1",
                "teapackage-goldakmillion88": "^1.0.0",
                "teapackage-griggersapadoca199": "^1.0.0",
                "teapackage-groencronan589": "^1.0.0",
                "teapackage-guempelspengler952": "^1.0.0",
                "teapackage-haddixjayme250": "^1.0.0",
                "teapackage-haefnersheskey658": "^1.0.0",
                "teapackage-harmeyermaugeri703": "^1.0.0",
                "teapackage-kanarisgrall225": "^1.0.0",
                "teapackage-klarkohus135": "^1.0.0",
                "teapackage-kroezelokke929": "^1.0.0",
                "teapackage-larmonbutland40": "^1.0.0",
                "teapackage-lemarmenette453": "^1.0.0",
                "teapackage-lobachmcquaide422": "^1.0.0",
                "teapackage-logronowierson941": "^1.0.0",
                "teapackage-richardnegroj7": "^1.0.0",
                "teapackage-riviraboiles308": "^1.0.0",
                "teapackage-swaniganfretwell106": "^1.0.0",
                "teapackage-tapiz": "^1.0.2",
                "teapackage-thiagoverma1": "^1.0.0",
                "teapackage-waldenbergdeidre590": "^1.0.0",
                "teapackage-yumasbionda605": "^1.0.0",
                "teapackage-zlatenwanda12": "^1.0.0"
            }
        },
        "node_modules/teapackage-abbasinisar831": {
            "version": "1.0.0",
            "resolved": "https://registry.npmjs.org/teapackage-abbasinisar831/-/teapackage-abbasinisar831-1.0.0.tgz",
            "integrity": "sha512-4EQy/1asp6aOrxtA9T1ZZIFMnpSW//TSmR4I5yeB2t74DvZCOjKDcy3Q47sXVKw8M/OEddP9ypWcP8xohnSyPw=="
        },
        "node_modules/teapackage-azzoparditohill203": {
            "version": "1.0.0",
            "resolved": "https://registry.npmjs.org/teapackage-azzoparditohill203/-/teapackage-azzoparditohill203-1.0.0.tgz",
            "integrity": "sha512-hoNZXOj/CQn9dOsE+Xl33jSlMdvOEN17hMhdS6fGaPgJfM+WyjtPopcf4Qpq1WzlUlUniWvYNK0g8NRbU71Rrw=="
        },
        "node_modules/teapackage-bartskilgo422": {
            "version": "1.0.1",
            "resolved": "https://registry.npmjs.org/teapackage-bartskilgo422/-/teapackage-bartskilgo422-1.0.1.tgz",
            "integrity": "sha512-FEIlTI9Drccfj9VIZrtEw46KfDiXNgW00X+wKPKtj9uNox6lSGiGUKakdrZakvN65oQNHakITSE/NYti2yE2Nw==",
            "dependencies": {
                "teapackage-abbasinisar831": "^1.0.0",
                "teapackage-azzoparditohill203": "^1.0.0",
                "teapackage-bartskilgo422": "^1.0.0",
                "teapackage-bumpskeitha150": "^1.0.0",
                "teapackage-carlavergara643": "^1.0.0",
                "teapackage-dobintuenge844": "^1.0.0",
                "teapackage-erbjamal370": "^1.0.1",
                "teapackage-goldakmillion88": "^1.0.0",
                "teapackage-griggersapadoca199": "^1.0.0",
                "teapackage-groencronan589": "^1.0.0",
                "teapackage-guempelspengler952": "^1.0.0",
                "teapackage-haddixjayme250": "^1.0.0",
                "teapackage-haefnersheskey658": "^1.0.0",
                "teapackage-harmeyermaugeri703": "^1.0.0",
                "teapackage-kanarisgrall225": "^1.0.0",
                "teapackage-klarkohus135": "^1.0.0",
                "teapackage-kroezelokke929": "^1.0.0",
                "teapackage-larmonbutland40": "^1.0.0",
                "teapackage-lemarmenette453": "^1.0.0",
                "teapackage-lobachmcquaide422": "^1.0.0",
                "teapackage-logronowierson941": "^1.0.0",
                "teapackage-richardnegroj7": "^1.0.0",
                "teapackage-riviraboiles308": "^1.0.0",
                "teapackage-swaniganfretwell106": "^1.0.0",
                "teapackage-tapiz": "^1.0.2",
                "teapackage-thiagoverma1": "^1.0.0",
                "teapackage-waldenbergdeidre590": "^1.0.0",
                "teapackage-yumasbionda605": "^1.0.0",
                "teapackage-zlatenwanda12": "^1.0.0"
            }
        },
        "node_modules/teapackage-bumpskeitha150": {
            "version": "1.0.0",
            "resolved": "https://registry.npmjs.org/teapackage-bumpskeitha150/-/teapackage-bumpskeitha150-1.0.0.tgz",
            "integrity": "sha512-/bEHwwnVWBcMyelmNFsVJg6n3l92SWvjMciRpcjVrY6qdMPpe4X5v8M9YYUuIUEKj08vS+WM7kIahbp9oUVh8A=="
        },
        "node_modules/teapackage-carlavergara643": {
            "version": "1.0.0",
            "resolved": "https://registry.npmjs.org/teapackage-carlavergara643/-/teapackage-carlavergara643-1.0.0.tgz",
            "integrity": "sha512-BRN8PSP4/CbH+AkTzvWyH9iFMXyqqFoQ3ahaQhthgLCF7mSG1bqGJhrhnLgA28C++eZF07/nJrc+tiy6nqGYtA=="
        },
        "node_modules/teapackage-dobintuenge844": {
            "version": "1.0.0",
            "resolved": "https://registry.npmjs.org/teapackage-dobintuenge844/-/teapackage-dobintuenge844-1.0.0.tgz",
            "integrity": "sha512-EeCCC5+aQR9Vu2bDctNnI7JPgvJN8SbkTbclPwMy2RTpWyocp4rts1rRK5ukpvffH+tETBJo38TGle+p2d/LSA=="
        },
        "node_modules/teapackage-erbjamal370": {
            "version": "1.0.1",
            "resolved": "https://registry.npmjs.org/teapackage-erbjamal370/-/teapackage-erbjamal370-1.0.1.tgz",
            "integrity": "sha512-O2S5odUOzJ1vFPPmcM5xRtvq9uBxt9lVHHSdsvIrcnj6Wa2njxtJ4qS4UmG3Q9nYW/4TSaNIECf4P4/d6lbZBw==",
            "dependencies": {
                "teapackage-abbasinisar831": "^1.0.0",
                "teapackage-azzoparditohill203": "^1.0.0",
                "teapackage-bartskilgo422": "^1.0.0",
                "teapackage-bumpskeitha150": "^1.0.0",
                "teapackage-carlavergara643": "^1.0.0",
                "teapackage-dobintuenge844": "^1.0.0",
                "teapackage-erbjamal370": "^1.0.0",
                "teapackage-goldakmillion88": "^1.0.0",
                "teapackage-griggersapadoca199": "^1.0.0",
                "teapackage-groencronan589": "^1.0.0",
                "teapackage-guempelspengler952": "^1.0.0",
                "teapackage-haddixjayme250": "^1.0.0",
                "teapackage-haefnersheskey658": "^1.0.0",
                "teapackage-harmeyermaugeri703": "^1.0.0",
                "teapackage-kanarisgrall225": "^1.0.0",
                "teapackage-klarkohus135": "^1.0.0",
                "teapackage-kroezelokke929": "^1.0.0",
                "teapackage-larmonbutland40": "^1.0.0",
                "teapackage-lemarmenette453": "^1.0.0",
                "teapackage-lobachmcquaide422": "^1.0.0",
                "teapackage-logronowierson941": "^1.0.0",
                "teapackage-richardnegroj7": "^1.0.0",
                "teapackage-riviraboiles308": "^1.0.0",
                "teapackage-swaniganfretwell106": "^1.0.0",
                "teapackage-tapiz": "^1.0.2",
                "teapackage-thiagoverma1": "^1.0.0",
                "teapackage-waldenbergdeidre590": "^1.0.0",
                "teapackage-yumasbionda605": "^1.0.0",
                "teapackage-zlatenwanda12": "^1.0.0"
            }
        },
        "node_modules/teapackage-goldakmillion88": {
            "version": "1.0.0",
            "resolved": "https://registry.npmjs.org/teapackage-goldakmillion88/-/teapackage-goldakmillion88-1.0.0.tgz",
            "integrity": "sha512-WL8iULsDyh/dSzrrZCJ8/B3NXr25vgpgh/V2071buc+HfEGp8kw7wKQ1zJL4Ur9WNxB+q9hK51ODZTZd22sNcA=="
        },
        "node_modules/teapackage-griggersapadoca199": {
            "version": "1.0.0",
            "resolved": "https://registry.npmjs.org/teapackage-griggersapadoca199/-/teapackage-griggersapadoca199-1.0.0.tgz",
            "integrity": "sha512-Dum8MwrU6Kax8SGS4RSJ4Xq0XbMKPQYXyndF55UEfdfKODlLGnMurhyJIAqqgi0LGjYC8QszYnVTPb4e1xMXbA==",
            "dependencies": {
                "teapackage-abbasinisar831": "^1.0.0",
                "teapackage-azzoparditohill203": "^1.0.0",
                "teapackage-bartskilgo422": "^1.0.0",
                "teapackage-bumpskeitha150": "^1.0.0",
                "teapackage-carlavergara643": "^1.0.0",
                "teapackage-dobintuenge844": "^1.0.0",
                "teapackage-erbjamal370": "^1.0.0",
                "teapackage-goldakmillion88": "^1.0.0",
                "teapackage-groencronan589": "^1.0.0",
                "teapackage-guempelspengler952": "^1.0.0",
                "teapackage-haddixjayme250": "^1.0.0",
                "teapackage-harmeyermaugeri703": "^1.0.0",
                "teapackage-kanarisgrall225": "^1.0.0",
                "teapackage-klarkohus135": "^1.0.0",
                "teapackage-kroezelokke929": "^1.0.0",
                "teapackage-larmonbutland40": "^1.0.0",
                "teapackage-lemarmenette453": "^1.0.0",
                "teapackage-lobachmcquaide422": "^1.0.0",
                "teapackage-logronowierson941": "^1.0.0",
                "teapackage-riviraboiles308": "^1.0.0",
                "teapackage-swaniganfretwell106": "^1.0.0",
                "teapackage-thiagoverma1": "^1.0.0",
                "teapackage-waldenbergdeidre590": "^1.0.0",
                "teapackage-yumasbionda605": "^1.0.0",
                "teapackage-zlatenwanda12": "^1.0.0"
            }
        },
        "node_modules/teapackage-groencronan589": {
            "version": "1.0.0",
            "resolved": "https://registry.npmjs.org/teapackage-groencronan589/-/teapackage-groencronan589-1.0.0.tgz",
            "integrity": "sha512-FgjafOd3hNHt42d18ZdOvuSX8SiP0GuK4ETzRXEoy9ZQfpUaNDSksLRspkxP4VRK3sP8Qgrtbm5mj/Z3dPtJug=="
        },
        "node_modules/teapackage-guempelspengler952": {
            "version": "1.0.0",
            "resolved": "https://registry.npmjs.org/teapackage-guempelspengler952/-/teapackage-guempelspengler952-1.0.0.tgz",
            "integrity": "sha512-xSr2ii12sse2LuT5scXcKERJ7ZWF8nk7waDW79/AvQyQ4RMJDhy2zKxVDlchS8Wo3+3lGsMNRJj53V4eggqSVQ=="
        },
        "node_modules/teapackage-haddixjayme250": {
            "version": "1.0.0",
            "resolved": "https://registry.npmjs.org/teapackage-haddixjayme250/-/teapackage-haddixjayme250-1.0.0.tgz",
            "integrity": "sha512-bu+nMbo0ddOcAt9bHXJc91roPiQ7RQsxNQtKTocd8Bbcjdm8eQNxA06bPqCeicR2HSByYnrFdH3gnihgs5g+XQ=="
        },
        "node_modules/teapackage-haefnersheskey658": {
            "version": "1.0.0",
            "resolved": "https://registry.npmjs.org/teapackage-haefnersheskey658/-/teapackage-haefnersheskey658-1.0.0.tgz",
            "integrity": "sha512-8iVdGjcx8L9JHHgB/OUDYwsfl9et2PNxmnoSRRPALxWfDBJg3RYwVxR0FWj2frxQGTmHoRQWiECTddt4z9Hobg=="
        },
        "node_modules/teapackage-harmeyermaugeri703": {
            "version": "1.0.0",
            "resolved": "https://registry.npmjs.org/teapackage-harmeyermaugeri703/-/teapackage-harmeyermaugeri703-1.0.0.tgz",
            "integrity": "sha512-KXf+l3CO0SjLuTkBY68hZwgCUiNBdDHn9yw+pwBmKnNCE++N8GqtMAsp0x1YOv5a55OARwdmQgfcURDYdprhHw=="
        },
        "node_modules/teapackage-kanarisgrall225": {
            "version": "1.0.0",
            "resolved": "https://registry.npmjs.org/teapackage-kanarisgrall225/-/teapackage-kanarisgrall225-1.0.0.tgz",
            "integrity": "sha512-RMDjz895Fj/601GUaCmefqCGdq0vu/KS5NlwIdafk3Gf9oQ6TYoiu358UTLiYms/qUjydjrTYv/Q9yUVYYVMGA=="
        },
        "node_modules/teapackage-klarkohus135": {
            "version": "1.0.0",
            "resolved": "https://registry.npmjs.org/teapackage-klarkohus135/-/teapackage-klarkohus135-1.0.0.tgz",
            "integrity": "sha512-XnnFemG4I4oIVBo8yUUnFYQt1UAizeYfM0acNTk02SfJbAyilexN4BPBZPLOm5OtwL2Sf9v1tIF3UgNfZVFu9A=="
        },
        "node_modules/teapackage-kroezelokke929": {
            "version": "1.0.0",
            "resolved": "https://registry.npmjs.org/teapackage-kroezelokke929/-/teapackage-kroezelokke929-1.0.0.tgz",
            "integrity": "sha512-ZOtIzQ1LbjmGEgSf1XZYe9XlQ8tT4yp5SEIxFr2xoUoYCAqbRzjMIZrGlGtJaG9dlZ2+t6HiQR9KiwK5XsF3fg=="
        },
        "node_modules/teapackage-larmonbutland40": {
            "version": "1.0.0",
            "resolved": "https://registry.npmjs.org/teapackage-larmonbutland40/-/teapackage-larmonbutland40-1.0.0.tgz",
            "integrity": "sha512-+QhxtGuuYvrXa6TbOhYtRUkqCj6bVKKyaq2IyWQyhc2dc1newsSHKMtgFf9UozH4Uy1WknZZa+mpx7jmEL6RHA=="
        },
        "node_modules/teapackage-lemarmenette453": {
            "version": "1.0.0",
            "resolved": "https://registry.npmjs.org/teapackage-lemarmenette453/-/teapackage-lemarmenette453-1.0.0.tgz",
            "integrity": "sha512-O/T2eD7HoNwf2uIM4u0xiXyU4fLlEFmdQ1p0/VMtuSBuQOLRIp6eDMoWIh5N6ItV+IHupmDTQzP8++vZ1wkESA=="
        },
        "node_modules/teapackage-lobachmcquaide422": {
            "version": "1.0.0",
            "resolved": "https://registry.npmjs.org/teapackage-lobachmcquaide422/-/teapackage-lobachmcquaide422-1.0.0.tgz",
            "integrity": "sha512-REuNY6Lq7kE2qBjAC+puSJldF8Lasx6VnBh6Ay3HMdA8NoeYWKyodgAA+YPrWMvDzOrJfepyqf/B+4xFNJTh/A=="
        },
        "node_modules/teapackage-logronowierson941": {
            "version": "1.0.0",
            "resolved": "https://registry.npmjs.org/teapackage-logronowierson941/-/teapackage-logronowierson941-1.0.0.tgz",
            "integrity": "sha512-57SSDjW9ZWeM6lbwuqXk9+Euf3sUHFt7whwsEwfADMsbNm4QcUJ/16T7cWfS1Q9MBW4y36m3TCOURHWbk7VVXQ=="
        },
        "node_modules/teapackage-richardnegroj7": {
            "version": "1.0.0",
            "resolved": "https://registry.npmjs.org/teapackage-richardnegroj7/-/teapackage-richardnegroj7-1.0.0.tgz",
            "integrity": "sha512-Q4kE2j0Zj4iPu1ywoFEu6euYlAdDkI/vx/PijvWYFs9xKFs/MCTlPkD5PPvE4c7S0JSpEDetikAA5r4CXjtLsg==",
            "dependencies": {
                "teapackage-abbasinisar831": "^1.0.0",
                "teapackage-azzoparditohill203": "^1.0.0",
                "teapackage-bartskilgo422": "^1.0.0",
                "teapackage-bumpskeitha150": "^1.0.0",
                "teapackage-carlavergara643": "^1.0.0",
                "teapackage-dobintuenge844": "^1.0.0",
                "teapackage-erbjamal370": "^1.0.0",
                "teapackage-goldakmillion88": "^1.0.0",
                "teapackage-groencronan589": "^1.0.0",
                "teapackage-guempelspengler952": "^1.0.0",
                "teapackage-haddixjayme250": "^1.0.0",
                "teapackage-harmeyermaugeri703": "^1.0.0",
                "teapackage-kanarisgrall225": "^1.0.0",
                "teapackage-klarkohus135": "^1.0.0",
                "teapackage-kroezelokke929": "^1.0.0",
                "teapackage-larmonbutland40": "^1.0.0",
                "teapackage-lemarmenette453": "^1.0.0",
                "teapackage-lobachmcquaide422": "^1.0.0",
                "teapackage-logronowierson941": "^1.0.0",
                "teapackage-riviraboiles308": "^1.0.0",
                "teapackage-swaniganfretwell106": "^1.0.0",
                "teapackage-thiagoverma1": "^1.0.0",
                "teapackage-waldenbergdeidre590": "^1.0.0",
                "teapackage-yumasbionda605": "^1.0.0",
                "teapackage-zlatenwanda12": "^1.0.0"
            }
        },
        "node_modules/teapackage-riviraboiles308": {
            "version": "1.0.0",
            "resolved": "https://registry.npmjs.org/teapackage-riviraboiles308/-/teapackage-riviraboiles308-1.0.0.tgz",
            "integrity": "sha512-7S3uzps3SILs8NMp3nBZrTFLqpuK7PwJaT33vZ6NfR6ALPl4cjbdpV65cfWf1H2LvYsiGGJwmLjSkG8xweQmyg=="
        },
        "node_modules/teapackage-swaniganfretwell106": {
            "version": "1.0.0",
            "resolved": "https://registry.npmjs.org/teapackage-swaniganfretwell106/-/teapackage-swaniganfretwell106-1.0.0.tgz",
            "integrity": "sha512-j6nTcoUnBum1FNd2z3u1HX1XVNfhugRxGuVTRBPTK5+RbtaH2C00ZX28BjrNtyQxZ6xxtjKlaHqt1UHM/GHXMQ=="
        },
        "node_modules/teapackage-tapiz": {
            "version": "1.0.2",
            "resolved": "https://registry.npmjs.org/teapackage-tapiz/-/teapackage-tapiz-1.0.2.tgz",
            "integrity": "sha512-Gy79G0rIf7FlDkTvX0B9pIbLzCTt3YGxOZBQQw0F7jp+U+tuOu8Eu1G/ASE8qTEO9y8bUqml/Aukt/aelz7FZA==",
            "dependencies": {
                "teapackage-abbasinisar831": "^1.0.0",
                "teapackage-azzoparditohill203": "^1.0.0",
                "teapackage-bartskilgo422": "^1.0.0",
                "teapackage-bumpskeitha150": "^1.0.0",
                "teapackage-carlavergara643": "^1.0.0",
                "teapackage-dobintuenge844": "^1.0.0",
                "teapackage-erbjamal370": "^1.0.0",
                "teapackage-goldakmillion88": "^1.0.0",
                "teapackage-groencronan589": "^1.0.0",
                "teapackage-guempelspengler952": "^1.0.0",
                "teapackage-haddixjayme250": "^1.0.0",
                "teapackage-harmeyermaugeri703": "^1.0.0",
                "teapackage-kanarisgrall225": "^1.0.0",
                "teapackage-klarkohus135": "^1.0.0",
                "teapackage-kroezelokke929": "^1.0.0",
                "teapackage-larmonbutland40": "^1.0.0",
                "teapackage-lemarmenette453": "^1.0.0",
                "teapackage-lobachmcquaide422": "^1.0.0",
                "teapackage-logronowierson941": "^1.0.0",
                "teapackage-riviraboiles308": "^1.0.0",
                "teapackage-swaniganfretwell106": "^1.0.0",
                "teapackage-thiagoverma1": "^1.0.0",
                "teapackage-waldenbergdeidre590": "^1.0.0",
                "teapackage-yumasbionda605": "^1.0.0",
                "teapackage-zlatenwanda12": "^1.0.0"
            }
        },
        "node_modules/teapackage-thiagoverma1": {
            "version": "1.0.0",
            "resolved": "https://registry.npmjs.org/teapackage-thiagoverma1/-/teapackage-thiagoverma1-1.0.0.tgz",
            "integrity": "sha512-g5AHIlUqJZXvqehizMK6oW9XSyClBt3u/03WSDx097jkrHdpJ041BFt/MjXdDriHqeTg5wPgBJVskRXVOg8jqA=="
        },
        "node_modules/teapackage-waldenbergdeidre590": {
            "version": "1.0.0",
            "resolved": "https://registry.npmjs.org/teapackage-waldenbergdeidre590/-/teapackage-waldenbergdeidre590-1.0.0.tgz",
            "integrity": "sha512-PA/YWurbTSJYXDiDmbAl7M/zYuhbZx3qwTONyYMRxSG3p5akjMVuM87bKzsl5ktITXeP9A1Ea+OHrGZMX3we0Q=="
        },
        "node_modules/teapackage-yumasbionda605": {
            "version": "1.0.0",
            "resolved": "https://registry.npmjs.org/teapackage-yumasbionda605/-/teapackage-yumasbionda605-1.0.0.tgz",
            "integrity": "sha512-nk3WJYvNeFPouuMHvbfPsVhSu67xBf1rq6JocgMnp5Z9TBT6ZzkpPHwTK09DoWW5xjHK9fDkFnfuzRZKrOU+vA=="
        },
        "node_modules/teapackage-zlatenwanda12": {
            "version": "1.0.0",
            "resolved": "https://registry.npmjs.org/teapackage-zlatenwanda12/-/teapackage-zlatenwanda12-1.0.0.tgz",
            "integrity": "sha512-yi9jDtKevA5bO6/FcnkQ9SBKP54/f4XW+bZonyZxvfM8Ai9FzS0ZJsICeZmUFvKJ6b4gZ14zRDUXkRRraaZAvA=="
        }
    }
}
